
Microsoft Visual Studio Solution File, Format Version 12.00
# Visual Studio 15
VisualStudioVersion = 15.0.28307.1433
MinimumVisualStudioVersion = 10.0.40219.1
Project("{8BC9CEB8-8B4A-11D0-8D11-00A0C91BC942}") = "test_4_18", "test_4_18\test_4_18.vcxproj", "{C32B8B30-B596-46F0-98C4-9CF7A420FFBA}"
EndProject
Global
	GlobalSection(SolutionConfigurationPlatforms) = preSolution
		Debug|x64 = Debug|x64
		Debug|x86 = Debug|x86
		Release|x64 = Release|x64
		Release|x86 = Release|x86
	EndGlobalSection
	GlobalSection(ProjectConfigurationPlatforms) = postSolution
		{C32B8B30-B596-46F0-98C4-9CF7A420FFBA}.Debug|x64.ActiveCfg = Debug|x64
		{C32B8B30-B596-46F0-98C4-9CF7A420FFBA}.Debug|x64.Build.0 = Debug|x64
		{C32B8B30-B596-46F0-98C4-9CF7A420FFBA}.Debug|x86.ActiveCfg = Debug|Win32
		{C32B8B30-B596-46F0-98C4-9CF7A420FFBA}.Debug|x86.Build.0 = Debug|Win32
		{C32B8B30-B596-46F0-98C4-9CF7A420FFBA}.Release|x64.ActiveCfg = Release|x64
		{C32B8B30-B596-46F0-98C4-9CF7A420FFBA}.Release|x64.Build.0 = Release|x64
		{C32B8B30-B596-46F0-98C4-9CF7A420FFBA}.Release|x86.ActiveCfg = Release|Win32
		{C32B8B30-B596-46F0-98C4-9CF7A420FFBA}.Release|x86.Build.0 = Release|Win32
	EndGlobalSection
	GlobalSection(SolutionProperties) = preSolution
		HideSolutionNode = FALSE
	EndGlobalSection
	GlobalSection(ExtensibilityGlobals) = postSolution
		SolutionGuid = {769FED96-03F3-477F-A0C0-450879E495BD}
	EndGlobalSection
EndGlobal
